
Microsoft Visual Studio Solution File, Format Version 12.00
# Visual Studio Version 17
VisualStudioVersion = 17.10.35013.160
MinimumVisualStudioVersion = 10.0.40219.1
Project("{8BC9CEB8-8B4A-11D0-8D11-00A0C91BC942}") = "Game", "Game\Game.vcxproj", "{5BC92775-604F-4955-8EAC-9D0A3D6FEF42}"
EndProject
Project("{8BC9CEB8-8B4A-11D0-8D11-00A0C91BC942}") = "Engine", "Engine\Engine.vcxproj", "{A01CBD66-99E7-4F15-AA7B-6848853F26CF}"
EndProject
Global
	GlobalSection(SolutionConfigurationPlatforms) = preSolution
		Debug|x64 = Debug|x64
		Debug|x86 = Debug|x86
		Release|x64 = Release|x64
		Release|x86 = Release|x86
	EndGlobalSection
	GlobalSection(ProjectConfigurationPlatforms) = postSolution
		{5BC92775-604F-4955-8EAC-9D0A3D6FEF42}.Debug|x64.ActiveCfg = Debug|x64
		{5BC92775-604F-4955-8EAC-9D0A3D6FEF42}.Debug|x64.Build.0 = Debug|x64
		{5BC92775-604F-4955-8EAC-9D0A3D6FEF42}.Debug|x86.ActiveCfg = Debug|Win32
		{5BC92775-604F-4955-8EAC-9D0A3D6FEF42}.Debug|x86.Build.0 = Debug|Win32
		{5BC92775-604F-4955-8EAC-9D0A3D6FEF42}.Release|x64.ActiveCfg = Release|x64
		{5BC92775-604F-4955-8EAC-9D0A3D6FEF42}.Release|x64.Build.0 = Release|x64
		{5BC92775-604F-4955-8EAC-9D0A3D6FEF42}.Release|x86.ActiveCfg = Release|Win32
		{5BC92775-604F-4955-8EAC-9D0A3D6FEF42}.Release|x86.Build.0 = Release|Win32
		{A01CBD66-99E7-4F15-AA7B-6848853F26CF}.Debug|x64.ActiveCfg = Debug|x64
		{A01CBD66-99E7-4F15-AA7B-6848853F26CF}.Debug|x64.Build.0 = Debug|x64
		{A01CBD66-99E7-4F15-AA7B-6848853F26CF}.Debug|x86.ActiveCfg = Debug|Win32
		{A01CBD66-99E7-4F15-AA7B-6848853F26CF}.Debug|x86.Build.0 = Debug|Win32
		{A01CBD66-99E7-4F15-AA7B-6848853F26CF}.Release|x64.ActiveCfg = Release|x64
		{A01CBD66-99E7-4F15-AA7B-6848853F26CF}.Release|x64.Build.0 = Release|x64
		{A01CBD66-99E7-4F15-AA7B-6848853F26CF}.Release|x86.ActiveCfg = Release|Win32
		{A01CBD66-99E7-4F15-AA7B-6848853F26CF}.Release|x86.Build.0 = Release|Win32
	EndGlobalSection
	GlobalSection(SolutionProperties) = preSolution
		HideSolutionNode = FALSE
	EndGlobalSection
	GlobalSection(ExtensibilityGlobals) = postSolution
		SolutionGuid = {868B2914-4150-4CC6-B80B-37D245A02147}
	EndGlobalSection
EndGlobal
